{
  "nodes": {
    "darwin": {
      "inputs": {
        "nixpkgs": [
          "nixpkgs"
        ]
      },
      "locked": {
        "lastModified": 1673295039,
        "narHash": "sha256-AsdYgE8/GPwcelGgrntlijMg4t3hLFJFCRF3tL5WVjA=",
        "owner": "lnl7",
        "repo": "nix-darwin",
        "rev": "87b9d090ad39b25b2400029c64825fc2a8868943",
        "type": "github"
      },
      "original": {
        "owner": "lnl7",
        "ref": "master",
        "repo": "nix-darwin",
        "type": "github"
      }
    },
    "hardware": {
      "locked": {
        "lastModified": 1679944521,
        "narHash": "sha256-SipdMlnCv/pDvo/j7ctEGqKvQSmn2gcoHSJgIVysXbk=",
        "owner": "nixos",
        "repo": "nixos-hardware",
        "rev": "82ecc5b88ffed8c0317c064dfd8f82f4b9882100",
        "type": "github"
      },
      "original": {
        "owner": "nixos",
        "repo": "nixos-hardware",
        "type": "github"
      }
    },
    "home-manager": {
      "inputs": {
        "nixpkgs": [
          "nixpkgs"
        ]
      },
      "locked": {
        "lastModified": 1689447223,
        "narHash": "sha256-A5vQBtWYamvGf3c2IEhAmwIkXBzuzrkpnMYbLvc+lEY=",
        "owner": "nix-community",
        "repo": "home-manager",
        "rev": "f5b03feb33629cb2b6dd513935637e8cc718a5ba",
        "type": "github"
      },
      "original": {
        "owner": "nix-community",
        "repo": "home-manager",
        "type": "github"
      }
    },
    "nixpkgs": {
      "locked": {
        "lastModified": 1689326639,
        "narHash": "sha256-79zi0t83Dcc2dE0NuYZ+2hqtKXZN1yWVq5mtx8D2d7Y=",
        "owner": "nixos",
        "repo": "nixpkgs",
        "rev": "9fdfaeb7b96f05e869f838c73cde8d98c640c649",
        "type": "github"
      },
      "original": {
        "owner": "nixos",
        "ref": "nixos-23.05",
        "repo": "nixpkgs",
        "type": "github"
      }
    },
    "root": {
      "inputs": {
        "darwin": "darwin",
        "hardware": "hardware",
        "home-manager": "home-manager",
        "nixpkgs": "nixpkgs"
      }
    }
  },
  "root": "root",
  "version": 7
}
